
Microsoft Visual Studio Solution File, Format Version 12.00
# Visual Studio Version 17
VisualStudioVersion = 17.3.32929.385
MinimumVisualStudioVersion = 10.0.40219.1
Project("{FAE04EC0-301F-11D3-BF4B-00C04F79EFBC}") = "TowerSolver", "TowerSolver\TowerSolver.csproj", "{AD19C907-EE3D-4AAD-82B1-715C3BB7EE7E}"
EndProject
Global
	GlobalSection(SolutionConfigurationPlatforms) = preSolution
		Debug|Any CPU = Debug|Any CPU
		Release|Any CPU = Release|Any CPU
	EndGlobalSection
	GlobalSection(ProjectConfigurationPlatforms) = postSolution
		{AD19C907-EE3D-4AAD-82B1-715C3BB7EE7E}.Debug|Any CPU.ActiveCfg = Debug|Any CPU
		{AD19C907-EE3D-4AAD-82B1-715C3BB7EE7E}.Debug|Any CPU.Build.0 = Debug|Any CPU
		{AD19C907-EE3D-4AAD-82B1-715C3BB7EE7E}.Release|Any CPU.ActiveCfg = Release|Any CPU
		{AD19C907-EE3D-4AAD-82B1-715C3BB7EE7E}.Release|Any CPU.Build.0 = Release|Any CPU
	EndGlobalSection
	GlobalSection(SolutionProperties) = preSolution
		HideSolutionNode = FALSE
	EndGlobalSection
	GlobalSection(ExtensibilityGlobals) = postSolution
		SolutionGuid = {8154A34B-5EB8-4244-9D4F-42C679764335}
	EndGlobalSection
EndGlobal
